
Microsoft Visual Studio Solution File, Format Version 12.00
# Visual Studio Version 16
VisualStudioVersion = 16.0.29020.237
MinimumVisualStudioVersion = 10.0.40219.1
Project("{FAE04EC0-301F-11D3-BF4B-00C04F79EFBC}") = "ExceptionAula", "ExceptionAula\ExceptionAula.csproj", "{5F534776-0EC5-4967-8DA6-93A76F6DB43B}"
EndProject
Global
	GlobalSection(SolutionConfigurationPlatforms) = preSolution
		Debug|Any CPU = Debug|Any CPU
		Release|Any CPU = Release|Any CPU
	EndGlobalSection
	GlobalSection(ProjectConfigurationPlatforms) = postSolution
		{5F534776-0EC5-4967-8DA6-93A76F6DB43B}.Debug|Any CPU.ActiveCfg = Debug|Any CPU
		{5F534776-0EC5-4967-8DA6-93A76F6DB43B}.Debug|Any CPU.Build.0 = Debug|Any CPU
		{5F534776-0EC5-4967-8DA6-93A76F6DB43B}.Release|Any CPU.ActiveCfg = Release|Any CPU
		{5F534776-0EC5-4967-8DA6-93A76F6DB43B}.Release|Any CPU.Build.0 = Release|Any CPU
	EndGlobalSection
	GlobalSection(SolutionProperties) = preSolution
		HideSolutionNode = FALSE
	EndGlobalSection
	GlobalSection(ExtensibilityGlobals) = postSolution
		SolutionGuid = {286E6942-4BFD-4999-ADD2-E200D029F9B6}
	EndGlobalSection
EndGlobal
