
Microsoft Visual Studio Solution File, Format Version 12.00
# Visual Studio Version 16
VisualStudioVersion = 16.0.29020.237
MinimumVisualStudioVersion = 10.0.40219.1
Project("{FAE04EC0-301F-11D3-BF4B-00C04F79EFBC}") = "ExcPropostoException", "ExcPropostoException\ExcPropostoException.csproj", "{8CBCFFA0-0D5A-41DE-A174-6CEDC7DAB46B}"
EndProject
Global
	GlobalSection(SolutionConfigurationPlatforms) = preSolution
		Debug|Any CPU = Debug|Any CPU
		Release|Any CPU = Release|Any CPU
	EndGlobalSection
	GlobalSection(ProjectConfigurationPlatforms) = postSolution
		{8CBCFFA0-0D5A-41DE-A174-6CEDC7DAB46B}.Debug|Any CPU.ActiveCfg = Debug|Any CPU
		{8CBCFFA0-0D5A-41DE-A174-6CEDC7DAB46B}.Debug|Any CPU.Build.0 = Debug|Any CPU
		{8CBCFFA0-0D5A-41DE-A174-6CEDC7DAB46B}.Release|Any CPU.ActiveCfg = Release|Any CPU
		{8CBCFFA0-0D5A-41DE-A174-6CEDC7DAB46B}.Release|Any CPU.Build.0 = Release|Any CPU
	EndGlobalSection
	GlobalSection(SolutionProperties) = preSolution
		HideSolutionNode = FALSE
	EndGlobalSection
	GlobalSection(ExtensibilityGlobals) = postSolution
		SolutionGuid = {A462F138-D032-4346-BA73-1995B1715196}
	EndGlobalSection
EndGlobal
