
Microsoft Visual Studio Solution File, Format Version 12.00
# Visual Studio Version 16
VisualStudioVersion = 16.0.28803.452
MinimumVisualStudioVersion = 10.0.40219.1
Project("{FAE04EC0-301F-11D3-BF4B-00C04F79EFBC}") = "Cadastro de Funcionarios", "Cadastro de Funcionarios\Cadastro de Funcionarios.csproj", "{C7BC7540-4140-4DEF-ADA9-84574C7A578C}"
EndProject
Global
	GlobalSection(SolutionConfigurationPlatforms) = preSolution
		Debug|Any CPU = Debug|Any CPU
		Release|Any CPU = Release|Any CPU
	EndGlobalSection
	GlobalSection(ProjectConfigurationPlatforms) = postSolution
		{C7BC7540-4140-4DEF-ADA9-84574C7A578C}.Debug|Any CPU.ActiveCfg = Debug|Any CPU
		{C7BC7540-4140-4DEF-ADA9-84574C7A578C}.Debug|Any CPU.Build.0 = Debug|Any CPU
		{C7BC7540-4140-4DEF-ADA9-84574C7A578C}.Release|Any CPU.ActiveCfg = Release|Any CPU
		{C7BC7540-4140-4DEF-ADA9-84574C7A578C}.Release|Any CPU.Build.0 = Release|Any CPU
	EndGlobalSection
	GlobalSection(SolutionProperties) = preSolution
		HideSolutionNode = FALSE
	EndGlobalSection
	GlobalSection(ExtensibilityGlobals) = postSolution
		SolutionGuid = {4AB2386D-18BF-43CE-9EAA-926E489F03DC}
	EndGlobalSection
EndGlobal
