
Microsoft Visual Studio Solution File, Format Version 12.00
# Visual Studio Version 16
VisualStudioVersion = 16.0.28803.452
MinimumVisualStudioVersion = 10.0.40219.1
Project("{FAE04EC0-301F-11D3-BF4B-00C04F79EFBC}") = "PrimeiroProgramaOO", "PrimeiroProgramaOO\PrimeiroProgramaOO.csproj", "{B0A67D76-0CCE-4294-B046-359914BFFD5A}"
EndProject
Global
	GlobalSection(SolutionConfigurationPlatforms) = preSolution
		Debug|Any CPU = Debug|Any CPU
		Release|Any CPU = Release|Any CPU
	EndGlobalSection
	GlobalSection(ProjectConfigurationPlatforms) = postSolution
		{B0A67D76-0CCE-4294-B046-359914BFFD5A}.Debug|Any CPU.ActiveCfg = Debug|Any CPU
		{B0A67D76-0CCE-4294-B046-359914BFFD5A}.Debug|Any CPU.Build.0 = Debug|Any CPU
		{B0A67D76-0CCE-4294-B046-359914BFFD5A}.Release|Any CPU.ActiveCfg = Release|Any CPU
		{B0A67D76-0CCE-4294-B046-359914BFFD5A}.Release|Any CPU.Build.0 = Release|Any CPU
	EndGlobalSection
	GlobalSection(SolutionProperties) = preSolution
		HideSolutionNode = FALSE
	EndGlobalSection
	GlobalSection(ExtensibilityGlobals) = postSolution
		SolutionGuid = {056D4654-A69E-4698-9E0E-5FD9654F831A}
	EndGlobalSection
EndGlobal
