
Microsoft Visual Studio Solution File, Format Version 12.00
# Visual Studio Version 16
VisualStudioVersion = 16.0.28917.181
MinimumVisualStudioVersion = 10.0.40219.1
Project("{FAE04EC0-301F-11D3-BF4B-00C04F79EFBC}") = "Path Aula", "Path Aula\Path Aula.csproj", "{BCA3A269-C69E-4E1F-A3DE-EE18622C0616}"
EndProject
Global
	GlobalSection(SolutionConfigurationPlatforms) = preSolution
		Debug|Any CPU = Debug|Any CPU
		Release|Any CPU = Release|Any CPU
	EndGlobalSection
	GlobalSection(ProjectConfigurationPlatforms) = postSolution
		{BCA3A269-C69E-4E1F-A3DE-EE18622C0616}.Debug|Any CPU.ActiveCfg = Debug|Any CPU
		{BCA3A269-C69E-4E1F-A3DE-EE18622C0616}.Debug|Any CPU.Build.0 = Debug|Any CPU
		{BCA3A269-C69E-4E1F-A3DE-EE18622C0616}.Release|Any CPU.ActiveCfg = Release|Any CPU
		{BCA3A269-C69E-4E1F-A3DE-EE18622C0616}.Release|Any CPU.Build.0 = Release|Any CPU
	EndGlobalSection
	GlobalSection(SolutionProperties) = preSolution
		HideSolutionNode = FALSE
	EndGlobalSection
	GlobalSection(ExtensibilityGlobals) = postSolution
		SolutionGuid = {A2A0101E-DF5C-404E-A38A-2F802A1D3573}
	EndGlobalSection
EndGlobal
