
Microsoft Visual Studio Solution File, Format Version 12.00
# Visual Studio Version 16
VisualStudioVersion = 16.0.28922.388
MinimumVisualStudioVersion = 10.0.40219.1
Project("{FAE04EC0-301F-11D3-BF4B-00C04F79EFBC}") = "ComposicaoExc", "ComposicaoExc\ComposicaoExc.csproj", "{6BB16223-16A7-4588-90BA-78A844F8D47E}"
EndProject
Global
	GlobalSection(SolutionConfigurationPlatforms) = preSolution
		Debug|Any CPU = Debug|Any CPU
		Release|Any CPU = Release|Any CPU
	EndGlobalSection
	GlobalSection(ProjectConfigurationPlatforms) = postSolution
		{6BB16223-16A7-4588-90BA-78A844F8D47E}.Debug|Any CPU.ActiveCfg = Debug|Any CPU
		{6BB16223-16A7-4588-90BA-78A844F8D47E}.Debug|Any CPU.Build.0 = Debug|Any CPU
		{6BB16223-16A7-4588-90BA-78A844F8D47E}.Release|Any CPU.ActiveCfg = Release|Any CPU
		{6BB16223-16A7-4588-90BA-78A844F8D47E}.Release|Any CPU.Build.0 = Release|Any CPU
	EndGlobalSection
	GlobalSection(SolutionProperties) = preSolution
		HideSolutionNode = FALSE
	EndGlobalSection
	GlobalSection(ExtensibilityGlobals) = postSolution
		SolutionGuid = {209F4C2A-A36C-419B-A7AF-504832DAA2D6}
	EndGlobalSection
EndGlobal
